
Microsoft Visual Studio Solution File, Format Version 12.00
# Visual Studio 15
VisualStudioVersion = 15.0.25123.0
MinimumVisualStudioVersion = 10.0.40219.1
Project("{FAE04EC0-301F-11D3-BF4B-00C04F79EFBC}") = "Foosball.Droid", "FoosballMobile\Foosball.Droid\Foosball.Droid.csproj", "{4DAC6E60-FE13-4C88-91E0-22E6F1767267}"
EndProject
Project("{FAE04EC0-301F-11D3-BF4B-00C04F79EFBC}") = "Foosball.iOS", "FoosballMobile\Foosball.iOS\Foosball.iOS.csproj", "{24C736C8-EDFD-4FF9-8E89-54B44FC1EB48}"
EndProject
Project("{D954291E-2A0B-460D-934E-DC6B0785DB48}") = "Foosball", "FoosballMobile\Foosball\Foosball.shproj", "{E593B4C9-E0BD-49A2-85C8-265F4D181A0A}"
EndProject
Project("{FAE04EC0-301F-11D3-BF4B-00C04F79EFBC}") = "Foosball.UWP", "FoosballMobile\Foosball.UWP\Foosball.UWP.csproj", "{D574E032-6E10-4FE6-B5D0-0C7F5754993D}"
EndProject
Global
	GlobalSection(SharedMSBuildProjectFiles) = preSolution
		FoosballMobile\Foosball\Foosball.projitems*{4dac6e60-fe13-4c88-91e0-22e6f1767267}*SharedItemsImports = 4
		FoosballMobile\Foosball\Foosball.projitems*{24c736c8-edfd-4ff9-8e89-54b44fc1eb48}*SharedItemsImports = 4
		FoosballMobile\Foosball\Foosball.projitems*{d574e032-6e10-4fe6-b5d0-0c7f5754993d}*SharedItemsImports = 4
		FoosballMobile\Foosball\Foosball.projitems*{e593b4c9-e0bd-49a2-85c8-265f4d181a0a}*SharedItemsImports = 13
	EndGlobalSection
	GlobalSection(SolutionConfigurationPlatforms) = preSolution
		Ad-Hoc|Any CPU = Ad-Hoc|Any CPU
		Ad-Hoc|ARM = Ad-Hoc|ARM
		Ad-Hoc|iPhone = Ad-Hoc|iPhone
		Ad-Hoc|iPhoneSimulator = Ad-Hoc|iPhoneSimulator
		Ad-Hoc|x64 = Ad-Hoc|x64
		Ad-Hoc|x86 = Ad-Hoc|x86
		AppStore|Any CPU = AppStore|Any CPU
		AppStore|ARM = AppStore|ARM
		AppStore|iPhone = AppStore|iPhone
		AppStore|iPhoneSimulator = AppStore|iPhoneSimulator
		AppStore|x64 = AppStore|x64
		AppStore|x86 = AppStore|x86
		Debug|Any CPU = Debug|Any CPU
		Debug|ARM = Debug|ARM
		Debug|iPhone = Debug|iPhone
		Debug|iPhoneSimulator = Debug|iPhoneSimulator
		Debug|x64 = Debug|x64
		Debug|x86 = Debug|x86
		Release|Any CPU = Release|Any CPU
		Release|ARM = Release|ARM
		Release|iPhone = Release|iPhone
		Release|iPhoneSimulator = Release|iPhoneSimulator
		Release|x64 = Release|x64
		Release|x86 = Release|x86
	EndGlobalSection
	GlobalSection(ProjectConfigurationPlatforms) = postSolution
		{4DAC6E60-FE13-4C88-91E0-22E6F1767267}.Ad-Hoc|Any CPU.ActiveCfg = Release|Any CPU
		{4DAC6E60-FE13-4C88-91E0-22E6F1767267}.Ad-Hoc|Any CPU.Build.0 = Release|Any CPU
		{4DAC6E60-FE13-4C88-91E0-22E6F1767267}.Ad-Hoc|Any CPU.Deploy.0 = Release|Any CPU
		{4DAC6E60-FE13-4C88-91E0-22E6F1767267}.Ad-Hoc|ARM.ActiveCfg = Release|Any CPU
		{4DAC6E60-FE13-4C88-91E0-22E6F1767267}.Ad-Hoc|ARM.Build.0 = Release|Any CPU
		{4DAC6E60-FE13-4C88-91E0-22E6F1767267}.Ad-Hoc|ARM.Deploy.0 = Release|Any CPU
		{4DAC6E60-FE13-4C88-91E0-22E6F1767267}.Ad-Hoc|iPhone.ActiveCfg = Release|Any CPU
		{4DAC6E60-FE13-4C88-91E0-22E6F1767267}.Ad-Hoc|iPhone.Build.0 = Release|Any CPU
		{4DAC6E60-FE13-4C88-91E0-22E6F1767267}.Ad-Hoc|iPhone.Deploy.0 = Release|Any CPU
		{4DAC6E60-FE13-4C88-91E0-22E6F1767267}.Ad-Hoc|iPhoneSimulator.ActiveCfg = Release|Any CPU
		{4DAC6E60-FE13-4C88-91E0-22E6F1767267}.Ad-Hoc|iPhoneSimulator.Build.0 = Release|Any CPU
		{4DAC6E60-FE13-4C88-91E0-22E6F1767267}.Ad-Hoc|iPhoneSimulator.Deploy.0 = Release|Any CPU
		{4DAC6E60-FE13-4C88-91E0-22E6F1767267}.Ad-Hoc|x64.ActiveCfg = Release|Any CPU
		{4DAC6E60-FE13-4C88-91E0-22E6F1767267}.Ad-Hoc|x64.Build.0 = Release|Any CPU
		{4DAC6E60-FE13-4C88-91E0-22E6F1767267}.Ad-Hoc|x64.Deploy.0 = Release|Any CPU
		{4DAC6E60-FE13-4C88-91E0-22E6F1767267}.Ad-Hoc|x86.ActiveCfg = Release|Any CPU
		{4DAC6E60-FE13-4C88-91E0-22E6F1767267}.Ad-Hoc|x86.Build.0 = Release|Any CPU
		{4DAC6E60-FE13-4C88-91E0-22E6F1767267}.Ad-Hoc|x86.Deploy.0 = Release|Any CPU
		{4DAC6E60-FE13-4C88-91E0-22E6F1767267}.AppStore|Any CPU.ActiveCfg = Release|Any CPU
		{4DAC6E60-FE13-4C88-91E0-22E6F1767267}.AppStore|Any CPU.Build.0 = Release|Any CPU
		{4DAC6E60-FE13-4C88-91E0-22E6F1767267}.AppStore|Any CPU.Deploy.0 = Release|Any CPU
		{4DAC6E60-FE13-4C88-91E0-22E6F1767267}.AppStore|ARM.ActiveCfg = Release|Any CPU
		{4DAC6E60-FE13-4C88-91E0-22E6F1767267}.AppStore|ARM.Build.0 = Release|Any CPU
		{4DAC6E60-FE13-4C88-91E0-22E6F1767267}.AppStore|ARM.Deploy.0 = Release|Any CPU
		{4DAC6E60-FE13-4C88-91E0-22E6F1767267}.AppStore|iPhone.ActiveCfg = Release|Any CPU
		{4DAC6E60-FE13-4C88-91E0-22E6F1767267}.AppStore|iPhone.Build.0 = Release|Any CPU
		{4DAC6E60-FE13-4C88-91E0-22E6F1767267}.AppStore|iPhone.Deploy.0 = Release|Any CPU
		{4DAC6E60-FE13-4C88-91E0-22E6F1767267}.AppStore|iPhoneSimulator.ActiveCfg = Release|Any CPU
		{4DAC6E60-FE13-4C88-91E0-22E6F1767267}.AppStore|iPhoneSimulator.Build.0 = Release|Any CPU
		{4DAC6E60-FE13-4C88-91E0-22E6F1767267}.AppStore|iPhoneSimulator.Deploy.0 = Release|Any CPU
		{4DAC6E60-FE13-4C88-91E0-22E6F1767267}.AppStore|x64.ActiveCfg = Release|Any CPU
		{4DAC6E60-FE13-4C88-91E0-22E6F1767267}.AppStore|x64.Build.0 = Release|Any CPU
		{4DAC6E60-FE13-4C88-91E0-22E6F1767267}.AppStore|x64.Deploy.0 = Release|Any CPU
		{4DAC6E60-FE13-4C88-91E0-22E6F1767267}.AppStore|x86.ActiveCfg = Release|Any CPU
		{4DAC6E60-FE13-4C88-91E0-22E6F1767267}.AppStore|x86.Build.0 = Release|Any CPU
		{4DAC6E60-FE13-4C88-91E0-22E6F1767267}.AppStore|x86.Deploy.0 = Release|Any CPU
		{4DAC6E60-FE13-4C88-91E0-22E6F1767267}.Debug|Any CPU.ActiveCfg = Debug|Any CPU
		{4DAC6E60-FE13-4C88-91E0-22E6F1767267}.Debug|Any CPU.Build.0 = Debug|Any CPU
		{4DAC6E60-FE13-4C88-91E0-22E6F1767267}.Debug|Any CPU.Deploy.0 = Debug|Any CPU
		{4DAC6E60-FE13-4C88-91E0-22E6F1767267}.Debug|ARM.ActiveCfg = Debug|Any CPU
		{4DAC6E60-FE13-4C88-91E0-22E6F1767267}.Debug|ARM.Build.0 = Debug|Any CPU
		{4DAC6E60-FE13-4C88-91E0-22E6F1767267}.Debug|ARM.Deploy.0 = Debug|Any CPU
		{4DAC6E60-FE13-4C88-91E0-22E6F1767267}.Debug|iPhone.ActiveCfg = Debug|Any CPU
		{4DAC6E60-FE13-4C88-91E0-22E6F1767267}.Debug|iPhone.Build.0 = Debug|Any CPU
		{4DAC6E60-FE13-4C88-91E0-22E6F1767267}.Debug|iPhone.Deploy.0 = Debug|Any CPU
		{4DAC6E60-FE13-4C88-91E0-22E6F1767267}.Debug|iPhoneSimulator.ActiveCfg = Debug|Any CPU
		{4DAC6E60-FE13-4C88-91E0-22E6F1767267}.Debug|iPhoneSimulator.Build.0 = Debug|Any CPU
		{4DAC6E60-FE13-4C88-91E0-22E6F1767267}.Debug|iPhoneSimulator.Deploy.0 = Debug|Any CPU
		{4DAC6E60-FE13-4C88-91E0-22E6F1767267}.Debug|x64.ActiveCfg = Debug|Any CPU
		{4DAC6E60-FE13-4C88-91E0-22E6F1767267}.Debug|x64.Build.0 = Debug|Any CPU
		{4DAC6E60-FE13-4C88-91E0-22E6F1767267}.Debug|x64.Deploy.0 = Debug|Any CPU
		{4DAC6E60-FE13-4C88-91E0-22E6F1767267}.Debug|x86.ActiveCfg = Debug|Any CPU
		{4DAC6E60-FE13-4C88-91E0-22E6F1767267}.Debug|x86.Build.0 = Debug|Any CPU
		{4DAC6E60-FE13-4C88-91E0-22E6F1767267}.Debug|x86.Deploy.0 = Debug|Any CPU
		{4DAC6E60-FE13-4C88-91E0-22E6F1767267}.Release|Any CPU.ActiveCfg = Release|Any CPU
		{4DAC6E60-FE13-4C88-91E0-22E6F1767267}.Release|Any CPU.Build.0 = Release|Any CPU
		{4DAC6E60-FE13-4C88-91E0-22E6F1767267}.Release|Any CPU.Deploy.0 = Release|Any CPU
		{4DAC6E60-FE13-4C88-91E0-22E6F1767267}.Release|ARM.ActiveCfg = Release|Any CPU
		{4DAC6E60-FE13-4C88-91E0-22E6F1767267}.Release|ARM.Build.0 = Release|Any CPU
		{4DAC6E60-FE13-4C88-91E0-22E6F1767267}.Release|ARM.Deploy.0 = Release|Any CPU
		{4DAC6E60-FE13-4C88-91E0-22E6F1767267}.Release|iPhone.ActiveCfg = Release|Any CPU
		{4DAC6E60-FE13-4C88-91E0-22E6F1767267}.Release|iPhone.Build.0 = Release|Any CPU
		{4DAC6E60-FE13-4C88-91E0-22E6F1767267}.Release|iPhone.Deploy.0 = Release|Any CPU
		{4DAC6E60-FE13-4C88-91E0-22E6F1767267}.Release|iPhoneSimulator.ActiveCfg = Release|Any CPU
		{4DAC6E60-FE13-4C88-91E0-22E6F1767267}.Release|iPhoneSimulator.Build.0 = Release|Any CPU
		{4DAC6E60-FE13-4C88-91E0-22E6F1767267}.Release|iPhoneSimulator.Deploy.0 = Release|Any CPU
		{4DAC6E60-FE13-4C88-91E0-22E6F1767267}.Release|x64.ActiveCfg = Release|Any CPU
		{4DAC6E60-FE13-4C88-91E0-22E6F1767267}.Release|x64.Build.0 = Release|Any CPU
		{4DAC6E60-FE13-4C88-91E0-22E6F1767267}.Release|x64.Deploy.0 = Release|Any CPU
		{4DAC6E60-FE13-4C88-91E0-22E6F1767267}.Release|x86.ActiveCfg = Release|Any CPU
		{4DAC6E60-FE13-4C88-91E0-22E6F1767267}.Release|x86.Build.0 = Release|Any CPU
		{4DAC6E60-FE13-4C88-91E0-22E6F1767267}.Release|x86.Deploy.0 = Release|Any CPU
		{24C736C8-EDFD-4FF9-8E89-54B44FC1EB48}.Ad-Hoc|Any CPU.ActiveCfg = Ad-Hoc|iPhone
		{24C736C8-EDFD-4FF9-8E89-54B44FC1EB48}.Ad-Hoc|ARM.ActiveCfg = Ad-Hoc|iPhone
		{24C736C8-EDFD-4FF9-8E89-54B44FC1EB48}.Ad-Hoc|iPhone.ActiveCfg = Ad-Hoc|iPhone
		{24C736C8-EDFD-4FF9-8E89-54B44FC1EB48}.Ad-Hoc|iPhone.Build.0 = Ad-Hoc|iPhone
		{24C736C8-EDFD-4FF9-8E89-54B44FC1EB48}.Ad-Hoc|iPhoneSimulator.ActiveCfg = Ad-Hoc|iPhoneSimulator
		{24C736C8-EDFD-4FF9-8E89-54B44FC1EB48}.Ad-Hoc|iPhoneSimulator.Build.0 = Ad-Hoc|iPhoneSimulator
		{24C736C8-EDFD-4FF9-8E89-54B44FC1EB48}.Ad-Hoc|x64.ActiveCfg = Ad-Hoc|iPhone
		{24C736C8-EDFD-4FF9-8E89-54B44FC1EB48}.Ad-Hoc|x86.ActiveCfg = Ad-Hoc|iPhone
		{24C736C8-EDFD-4FF9-8E89-54B44FC1EB48}.AppStore|Any CPU.ActiveCfg = AppStore|iPhone
		{24C736C8-EDFD-4FF9-8E89-54B44FC1EB48}.AppStore|ARM.ActiveCfg = AppStore|iPhone
		{24C736C8-EDFD-4FF9-8E89-54B44FC1EB48}.AppStore|iPhone.ActiveCfg = AppStore|iPhone
		{24C736C8-EDFD-4FF9-8E89-54B44FC1EB48}.AppStore|iPhone.Build.0 = AppStore|iPhone
		{24C736C8-EDFD-4FF9-8E89-54B44FC1EB48}.AppStore|iPhoneSimulator.ActiveCfg = AppStore|iPhoneSimulator
		{24C736C8-EDFD-4FF9-8E89-54B44FC1EB48}.AppStore|iPhoneSimulator.Build.0 = AppStore|iPhoneSimulator
		{24C736C8-EDFD-4FF9-8E89-54B44FC1EB48}.AppStore|x64.ActiveCfg = AppStore|iPhone
		{24C736C8-EDFD-4FF9-8E89-54B44FC1EB48}.AppStore|x86.ActiveCfg = AppStore|iPhone
		{24C736C8-EDFD-4FF9-8E89-54B44FC1EB48}.Debug|Any CPU.ActiveCfg = Debug|iPhone
		{24C736C8-EDFD-4FF9-8E89-54B44FC1EB48}.Debug|ARM.ActiveCfg = Debug|iPhone
		{24C736C8-EDFD-4FF9-8E89-54B44FC1EB48}.Debug|iPhone.ActiveCfg = Debug|iPhone
		{24C736C8-EDFD-4FF9-8E89-54B44FC1EB48}.Debug|iPhone.Build.0 = Debug|iPhone
		{24C736C8-EDFD-4FF9-8E89-54B44FC1EB48}.Debug|iPhoneSimulator.ActiveCfg = Debug|iPhoneSimulator
		{24C736C8-EDFD-4FF9-8E89-54B44FC1EB48}.Debug|iPhoneSimulator.Build.0 = Debug|iPhoneSimulator
		{24C736C8-EDFD-4FF9-8E89-54B44FC1EB48}.Debug|x64.ActiveCfg = Debug|iPhone
		{24C736C8-EDFD-4FF9-8E89-54B44FC1EB48}.Debug|x86.ActiveCfg = Debug|iPhone
		{24C736C8-EDFD-4FF9-8E89-54B44FC1EB48}.Release|Any CPU.ActiveCfg = Release|iPhone
		{24C736C8-EDFD-4FF9-8E89-54B44FC1EB48}.Release|ARM.ActiveCfg = Release|iPhone
		{24C736C8-EDFD-4FF9-8E89-54B44FC1EB48}.Release|iPhone.ActiveCfg = Release|iPhone
		{24C736C8-EDFD-4FF9-8E89-54B44FC1EB48}.Release|iPhone.Build.0 = Release|iPhone
		{24C736C8-EDFD-4FF9-8E89-54B44FC1EB48}.Release|iPhoneSimulator.ActiveCfg = Release|iPhoneSimulator
		{24C736C8-EDFD-4FF9-8E89-54B44FC1EB48}.Release|iPhoneSimulator.Build.0 = Release|iPhoneSimulator
		{24C736C8-EDFD-4FF9-8E89-54B44FC1EB48}.Release|x64.ActiveCfg = Release|iPhone
		{24C736C8-EDFD-4FF9-8E89-54B44FC1EB48}.Release|x86.ActiveCfg = Release|iPhone
		{D574E032-6E10-4FE6-B5D0-0C7F5754993D}.Ad-Hoc|Any CPU.ActiveCfg = Release|x86
		{D574E032-6E10-4FE6-B5D0-0C7F5754993D}.Ad-Hoc|Any CPU.Build.0 = Release|x86
		{D574E032-6E10-4FE6-B5D0-0C7F5754993D}.Ad-Hoc|Any CPU.Deploy.0 = Release|x86
		{D574E032-6E10-4FE6-B5D0-0C7F5754993D}.Ad-Hoc|ARM.ActiveCfg = Release|ARM
		{D574E032-6E10-4FE6-B5D0-0C7F5754993D}.Ad-Hoc|ARM.Build.0 = Release|ARM
		{D574E032-6E10-4FE6-B5D0-0C7F5754993D}.Ad-Hoc|ARM.Deploy.0 = Release|ARM
		{D574E032-6E10-4FE6-B5D0-0C7F5754993D}.Ad-Hoc|iPhone.ActiveCfg = Release|x86
		{D574E032-6E10-4FE6-B5D0-0C7F5754993D}.Ad-Hoc|iPhone.Build.0 = Release|x86
		{D574E032-6E10-4FE6-B5D0-0C7F5754993D}.Ad-Hoc|iPhone.Deploy.0 = Release|x86
		{D574E032-6E10-4FE6-B5D0-0C7F5754993D}.Ad-Hoc|iPhoneSimulator.ActiveCfg = Release|x86
		{D574E032-6E10-4FE6-B5D0-0C7F5754993D}.Ad-Hoc|iPhoneSimulator.Build.0 = Release|x86
		{D574E032-6E10-4FE6-B5D0-0C7F5754993D}.Ad-Hoc|iPhoneSimulator.Deploy.0 = Release|x86
		{D574E032-6E10-4FE6-B5D0-0C7F5754993D}.Ad-Hoc|x64.ActiveCfg = Release|x64
		{D574E032-6E10-4FE6-B5D0-0C7F5754993D}.Ad-Hoc|x64.Build.0 = Release|x64
		{D574E032-6E10-4FE6-B5D0-0C7F5754993D}.Ad-Hoc|x64.Deploy.0 = Release|x64
		{D574E032-6E10-4FE6-B5D0-0C7F5754993D}.Ad-Hoc|x86.ActiveCfg = Release|x86
		{D574E032-6E10-4FE6-B5D0-0C7F5754993D}.Ad-Hoc|x86.Build.0 = Release|x86
		{D574E032-6E10-4FE6-B5D0-0C7F5754993D}.Ad-Hoc|x86.Deploy.0 = Release|x86
		{D574E032-6E10-4FE6-B5D0-0C7F5754993D}.AppStore|Any CPU.ActiveCfg = Release|x86
		{D574E032-6E10-4FE6-B5D0-0C7F5754993D}.AppStore|Any CPU.Build.0 = Release|x86
		{D574E032-6E10-4FE6-B5D0-0C7F5754993D}.AppStore|Any CPU.Deploy.0 = Release|x86
		{D574E032-6E10-4FE6-B5D0-0C7F5754993D}.AppStore|ARM.ActiveCfg = Release|ARM
		{D574E032-6E10-4FE6-B5D0-0C7F5754993D}.AppStore|ARM.Build.0 = Release|ARM
		{D574E032-6E10-4FE6-B5D0-0C7F5754993D}.AppStore|ARM.Deploy.0 = Release|ARM
		{D574E032-6E10-4FE6-B5D0-0C7F5754993D}.AppStore|iPhone.ActiveCfg = Release|x86
		{D574E032-6E10-4FE6-B5D0-0C7F5754993D}.AppStore|iPhone.Build.0 = Release|x86
		{D574E032-6E10-4FE6-B5D0-0C7F5754993D}.AppStore|iPhone.Deploy.0 = Release|x86
		{D574E032-6E10-4FE6-B5D0-0C7F5754993D}.AppStore|iPhoneSimulator.ActiveCfg = Release|x86
		{D574E032-6E10-4FE6-B5D0-0C7F5754993D}.AppStore|iPhoneSimulator.Build.0 = Release|x86
		{D574E032-6E10-4FE6-B5D0-0C7F5754993D}.AppStore|iPhoneSimulator.Deploy.0 = Release|x86
		{D574E032-6E10-4FE6-B5D0-0C7F5754993D}.AppStore|x64.ActiveCfg = Release|x64
		{D574E032-6E10-4FE6-B5D0-0C7F5754993D}.AppStore|x64.Build.0 = Release|x64
		{D574E032-6E10-4FE6-B5D0-0C7F5754993D}.AppStore|x64.Deploy.0 = Release|x64
		{D574E032-6E10-4FE6-B5D0-0C7F5754993D}.AppStore|x86.ActiveCfg = Release|x86
		{D574E032-6E10-4FE6-B5D0-0C7F5754993D}.AppStore|x86.Build.0 = Release|x86
		{D574E032-6E10-4FE6-B5D0-0C7F5754993D}.AppStore|x86.Deploy.0 = Release|x86
		{D574E032-6E10-4FE6-B5D0-0C7F5754993D}.Debug|Any CPU.ActiveCfg = Debug|x86
		{D574E032-6E10-4FE6-B5D0-0C7F5754993D}.Debug|ARM.ActiveCfg = Debug|ARM
		{D574E032-6E10-4FE6-B5D0-0C7F5754993D}.Debug|ARM.Build.0 = Debug|ARM
		{D574E032-6E10-4FE6-B5D0-0C7F5754993D}.Debug|ARM.Deploy.0 = Debug|ARM
		{D574E032-6E10-4FE6-B5D0-0C7F5754993D}.Debug|iPhone.ActiveCfg = Debug|x86
		{D574E032-6E10-4FE6-B5D0-0C7F5754993D}.Debug|iPhoneSimulator.ActiveCfg = Debug|x86
		{D574E032-6E10-4FE6-B5D0-0C7F5754993D}.Debug|x64.ActiveCfg = Debug|x64
		{D574E032-6E10-4FE6-B5D0-0C7F5754993D}.Debug|x64.Build.0 = Debug|x64
		{D574E032-6E10-4FE6-B5D0-0C7F5754993D}.Debug|x64.Deploy.0 = Debug|x64
		{D574E032-6E10-4FE6-B5D0-0C7F5754993D}.Debug|x86.ActiveCfg = Debug|x86
		{D574E032-6E10-4FE6-B5D0-0C7F5754993D}.Debug|x86.Build.0 = Debug|x86
		{D574E032-6E10-4FE6-B5D0-0C7F5754993D}.Debug|x86.Deploy.0 = Debug|x86
		{D574E032-6E10-4FE6-B5D0-0C7F5754993D}.Release|Any CPU.ActiveCfg = Release|x86
		{D574E032-6E10-4FE6-B5D0-0C7F5754993D}.Release|ARM.ActiveCfg = Release|ARM
		{D574E032-6E10-4FE6-B5D0-0C7F5754993D}.Release|ARM.Build.0 = Release|ARM
		{D574E032-6E10-4FE6-B5D0-0C7F5754993D}.Release|ARM.Deploy.0 = Release|ARM
		{D574E032-6E10-4FE6-B5D0-0C7F5754993D}.Release|iPhone.ActiveCfg = Release|x86
		{D574E032-6E10-4FE6-B5D0-0C7F5754993D}.Release|iPhoneSimulator.ActiveCfg = Release|x86
		{D574E032-6E10-4FE6-B5D0-0C7F5754993D}.Release|x64.ActiveCfg = Release|x64
		{D574E032-6E10-4FE6-B5D0-0C7F5754993D}.Release|x64.Build.0 = Release|x64
		{D574E032-6E10-4FE6-B5D0-0C7F5754993D}.Release|x64.Deploy.0 = Release|x64
		{D574E032-6E10-4FE6-B5D0-0C7F5754993D}.Release|x86.ActiveCfg = Release|x86
		{D574E032-6E10-4FE6-B5D0-0C7F5754993D}.Release|x86.Build.0 = Release|x86
		{D574E032-6E10-4FE6-B5D0-0C7F5754993D}.Release|x86.Deploy.0 = Release|x86
	EndGlobalSection
	GlobalSection(SolutionProperties) = preSolution
		HideSolutionNode = FALSE
	EndGlobalSection
EndGlobal
